
Microsoft Visual Studio Solution File, Format Version 12.00
# Visual Studio Version 16
VisualStudioVersion = 16.0.28922.388
MinimumVisualStudioVersion = 10.0.40219.1
Project("{FAE04EC0-301F-11D3-BF4B-00C04F79EFBC}") = "Work-Site.WebAPI", "Work-Site.WebAPI\Work-Site.WebAPI.csproj", "{95EF9720-9F7D-4DF4-9839-A22FE695E2B7}"
EndProject
Project("{FAE04EC0-301F-11D3-BF4B-00C04F79EFBC}") = "Work-Site.BLL", "Work-Site.BLL\Work-Site.BLL.csproj", "{ABE40D0D-E473-4436-B3BC-8E0E9F772F29}"
EndProject
Project("{FAE04EC0-301F-11D3-BF4B-00C04F79EFBC}") = "Work-Site.DAL", "Work-Site.DAL\Work-Site.DAL.csproj", "{388880DC-4C23-4E38-81E1-EE198C77AA3F}"
EndProject
Project("{FAE04EC0-301F-11D3-BF4B-00C04F79EFBC}") = "Work-Site.UnitTests", "Work-Site.UnitTests\Work-Site.UnitTests.csproj", "{A908E907-6E98-4E4C-92F3-6B1231ACC56B}"
EndProject
Global
	GlobalSection(SolutionConfigurationPlatforms) = preSolution
		Debug|Any CPU = Debug|Any CPU
		Release|Any CPU = Release|Any CPU
	EndGlobalSection
	GlobalSection(ProjectConfigurationPlatforms) = postSolution
		{95EF9720-9F7D-4DF4-9839-A22FE695E2B7}.Debug|Any CPU.ActiveCfg = Debug|Any CPU
		{95EF9720-9F7D-4DF4-9839-A22FE695E2B7}.Debug|Any CPU.Build.0 = Debug|Any CPU
		{95EF9720-9F7D-4DF4-9839-A22FE695E2B7}.Release|Any CPU.ActiveCfg = Release|Any CPU
		{95EF9720-9F7D-4DF4-9839-A22FE695E2B7}.Release|Any CPU.Build.0 = Release|Any CPU
		{ABE40D0D-E473-4436-B3BC-8E0E9F772F29}.Debug|Any CPU.ActiveCfg = Debug|Any CPU
		{ABE40D0D-E473-4436-B3BC-8E0E9F772F29}.Debug|Any CPU.Build.0 = Debug|Any CPU
		{ABE40D0D-E473-4436-B3BC-8E0E9F772F29}.Release|Any CPU.ActiveCfg = Release|Any CPU
		{ABE40D0D-E473-4436-B3BC-8E0E9F772F29}.Release|Any CPU.Build.0 = Release|Any CPU
		{388880DC-4C23-4E38-81E1-EE198C77AA3F}.Debug|Any CPU.ActiveCfg = Debug|Any CPU
		{388880DC-4C23-4E38-81E1-EE198C77AA3F}.Debug|Any CPU.Build.0 = Debug|Any CPU
		{388880DC-4C23-4E38-81E1-EE198C77AA3F}.Release|Any CPU.ActiveCfg = Release|Any CPU
		{388880DC-4C23-4E38-81E1-EE198C77AA3F}.Release|Any CPU.Build.0 = Release|Any CPU
		{A908E907-6E98-4E4C-92F3-6B1231ACC56B}.Debug|Any CPU.ActiveCfg = Debug|Any CPU
		{A908E907-6E98-4E4C-92F3-6B1231ACC56B}.Debug|Any CPU.Build.0 = Debug|Any CPU
		{A908E907-6E98-4E4C-92F3-6B1231ACC56B}.Release|Any CPU.ActiveCfg = Release|Any CPU
		{A908E907-6E98-4E4C-92F3-6B1231ACC56B}.Release|Any CPU.Build.0 = Release|Any CPU
	EndGlobalSection
	GlobalSection(SolutionProperties) = preSolution
		HideSolutionNode = FALSE
	EndGlobalSection
	GlobalSection(ExtensibilityGlobals) = postSolution
		SolutionGuid = {5964D8C2-D506-4AD7-856E-C0CFD0FC9350}
	EndGlobalSection
EndGlobal
